
Microsoft Visual Studio Solution File, Format Version 12.00
# Visual Studio 15
VisualStudioVersion = 15.0.26730.15
MinimumVisualStudioVersion = 10.0.40219.1
Project("{FAE04EC0-301F-11D3-BF4B-00C04F79EFBC}") = "Countdowner", "Countdowner\Countdowner.csproj", "{A43F8DB0-319D-49EA-91B2-AADE6E6EACD9}"
EndProject
Global
	GlobalSection(SolutionConfigurationPlatforms) = preSolution
		Debug|Any CPU = Debug|Any CPU
		Release|Any CPU = Release|Any CPU
	EndGlobalSection
	GlobalSection(ProjectConfigurationPlatforms) = postSolution
		{A43F8DB0-319D-49EA-91B2-AADE6E6EACD9}.Debug|Any CPU.ActiveCfg = Debug|Any CPU
		{A43F8DB0-319D-49EA-91B2-AADE6E6EACD9}.Debug|Any CPU.Build.0 = Debug|Any CPU
		{A43F8DB0-319D-49EA-91B2-AADE6E6EACD9}.Release|Any CPU.ActiveCfg = Release|Any CPU
		{A43F8DB0-319D-49EA-91B2-AADE6E6EACD9}.Release|Any CPU.Build.0 = Release|Any CPU
	EndGlobalSection
	GlobalSection(SolutionProperties) = preSolution
		HideSolutionNode = FALSE
	EndGlobalSection
	GlobalSection(ExtensibilityGlobals) = postSolution
		SolutionGuid = {378D82FF-AAB0-4F00-B02C-0869210092D5}
	EndGlobalSection
EndGlobal
